
Microsoft Visual Studio Solution File, Format Version 12.00
# Visual Studio Version 17
VisualStudioVersion = 17.12.35527.113 d17.12
MinimumVisualStudioVersion = 10.0.40219.1
Project("{FAE04EC0-301F-11D3-BF4B-00C04F79EFBC}") = "Arithmetic", "Arithmetic\Arithmetic.csproj", "{63E7DCC9-7AED-4B9E-9ABC-18962BCA7C03}"
EndProject
Project("{FAE04EC0-301F-11D3-BF4B-00C04F79EFBC}") = "Task", "Task\Task.csproj", "{B98E9180-71B0-4373-8446-2D8475B5F574}"
EndProject
Global
	GlobalSection(SolutionConfigurationPlatforms) = preSolution
		Debug|Any CPU = Debug|Any CPU
		Release|Any CPU = Release|Any CPU
	EndGlobalSection
	GlobalSection(ProjectConfigurationPlatforms) = postSolution
		{63E7DCC9-7AED-4B9E-9ABC-18962BCA7C03}.Debug|Any CPU.ActiveCfg = Debug|Any CPU
		{63E7DCC9-7AED-4B9E-9ABC-18962BCA7C03}.Debug|Any CPU.Build.0 = Debug|Any CPU
		{63E7DCC9-7AED-4B9E-9ABC-18962BCA7C03}.Release|Any CPU.ActiveCfg = Release|Any CPU
		{63E7DCC9-7AED-4B9E-9ABC-18962BCA7C03}.Release|Any CPU.Build.0 = Release|Any CPU
		{B98E9180-71B0-4373-8446-2D8475B5F574}.Debug|Any CPU.ActiveCfg = Debug|Any CPU
		{B98E9180-71B0-4373-8446-2D8475B5F574}.Debug|Any CPU.Build.0 = Debug|Any CPU
		{B98E9180-71B0-4373-8446-2D8475B5F574}.Release|Any CPU.ActiveCfg = Release|Any CPU
		{B98E9180-71B0-4373-8446-2D8475B5F574}.Release|Any CPU.Build.0 = Release|Any CPU
	EndGlobalSection
	GlobalSection(SolutionProperties) = preSolution
		HideSolutionNode = FALSE
	EndGlobalSection
EndGlobal
